
Microsoft Visual Studio Solution File, Format Version 12.00
# Visual Studio 15
VisualStudioVersion = 15.0.28307.136
MinimumVisualStudioVersion = 10.0.40219.1
Project("{9A19103F-16F7-4668-BE54-9A1E7A4F7556}") = "EKlubas.UI", "EKlubas.UI\EKlubas.UI.csproj", "{CDF6CB3C-90BB-4F76-AD3A-E423C05E3297}"
EndProject
Project("{9A19103F-16F7-4668-BE54-9A1E7A4F7556}") = "EKlubas.Domain", "EKlubas.Domain\EKlubas.Domain.csproj", "{9D7E98E4-2962-418E-A893-87E15585C813}"
EndProject
Project("{9A19103F-16F7-4668-BE54-9A1E7A4F7556}") = "EKlubas.Persistence", "EKlubas.Persistence\EKlubas.Persistence.csproj", "{7CBBB2F9-2544-46C5-B891-5A668CD6F6DF}"
EndProject
Project("{2150E333-8FDC-42A3-9474-1A3956D46DE8}") = "Tests", "Tests", "{793697B9-F896-4B9A-9382-EB014A3ADBA6}"
EndProject
Project("{9A19103F-16F7-4668-BE54-9A1E7A4F7556}") = "EKlubas.Common", "EKlubas.Common\EKlubas.Common.csproj", "{330595C8-6A86-452A-A4F7-C6BF32758728}"
EndProject
Project("{9A19103F-16F7-4668-BE54-9A1E7A4F7556}") = "EKlubas.Core", "EKlubas.Core\EKlubas.Core.csproj", "{F4E73D25-D91F-4992-BD28-98ACB275135A}"
EndProject
Project("{9A19103F-16F7-4668-BE54-9A1E7A4F7556}") = "EKlubas.Contracts", "EKlubas.Contracts\EKlubas.Contracts.csproj", "{A6265858-A68C-4500-97A3-B5B2FFA9DF45}"
EndProject
Project("{9A19103F-16F7-4668-BE54-9A1E7A4F7556}") = "EKlubas.UI.Services", "EKlubas.UI.Services\EKlubas.UI.Services.csproj", "{6AF44611-C608-4D6E-8F36-B403158AC1A0}"
EndProject
Project("{FAE04EC0-301F-11D3-BF4B-00C04F79EFBC}") = "EKlubas.Application", "EKlubas.Application\EKlubas.Application.csproj", "{A5B755F7-694D-4FA0-93C3-1F3B2655C3A1}"
EndProject
Global
	GlobalSection(SolutionConfigurationPlatforms) = preSolution
		Debug|Any CPU = Debug|Any CPU
		Release|Any CPU = Release|Any CPU
	EndGlobalSection
	GlobalSection(ProjectConfigurationPlatforms) = postSolution
		{CDF6CB3C-90BB-4F76-AD3A-E423C05E3297}.Debug|Any CPU.ActiveCfg = Debug|Any CPU
		{CDF6CB3C-90BB-4F76-AD3A-E423C05E3297}.Debug|Any CPU.Build.0 = Debug|Any CPU
		{CDF6CB3C-90BB-4F76-AD3A-E423C05E3297}.Release|Any CPU.ActiveCfg = Release|Any CPU
		{CDF6CB3C-90BB-4F76-AD3A-E423C05E3297}.Release|Any CPU.Build.0 = Release|Any CPU
		{9D7E98E4-2962-418E-A893-87E15585C813}.Debug|Any CPU.ActiveCfg = Debug|Any CPU
		{9D7E98E4-2962-418E-A893-87E15585C813}.Debug|Any CPU.Build.0 = Debug|Any CPU
		{9D7E98E4-2962-418E-A893-87E15585C813}.Release|Any CPU.ActiveCfg = Release|Any CPU
		{9D7E98E4-2962-418E-A893-87E15585C813}.Release|Any CPU.Build.0 = Release|Any CPU
		{7CBBB2F9-2544-46C5-B891-5A668CD6F6DF}.Debug|Any CPU.ActiveCfg = Debug|Any CPU
		{7CBBB2F9-2544-46C5-B891-5A668CD6F6DF}.Debug|Any CPU.Build.0 = Debug|Any CPU
		{7CBBB2F9-2544-46C5-B891-5A668CD6F6DF}.Release|Any CPU.ActiveCfg = Release|Any CPU
		{7CBBB2F9-2544-46C5-B891-5A668CD6F6DF}.Release|Any CPU.Build.0 = Release|Any CPU
		{330595C8-6A86-452A-A4F7-C6BF32758728}.Debug|Any CPU.ActiveCfg = Debug|Any CPU
		{330595C8-6A86-452A-A4F7-C6BF32758728}.Debug|Any CPU.Build.0 = Debug|Any CPU
		{330595C8-6A86-452A-A4F7-C6BF32758728}.Release|Any CPU.ActiveCfg = Release|Any CPU
		{330595C8-6A86-452A-A4F7-C6BF32758728}.Release|Any CPU.Build.0 = Release|Any CPU
		{F4E73D25-D91F-4992-BD28-98ACB275135A}.Debug|Any CPU.ActiveCfg = Debug|Any CPU
		{F4E73D25-D91F-4992-BD28-98ACB275135A}.Debug|Any CPU.Build.0 = Debug|Any CPU
		{F4E73D25-D91F-4992-BD28-98ACB275135A}.Release|Any CPU.ActiveCfg = Release|Any CPU
		{F4E73D25-D91F-4992-BD28-98ACB275135A}.Release|Any CPU.Build.0 = Release|Any CPU
		{A6265858-A68C-4500-97A3-B5B2FFA9DF45}.Debug|Any CPU.ActiveCfg = Debug|Any CPU
		{A6265858-A68C-4500-97A3-B5B2FFA9DF45}.Debug|Any CPU.Build.0 = Debug|Any CPU
		{A6265858-A68C-4500-97A3-B5B2FFA9DF45}.Release|Any CPU.ActiveCfg = Release|Any CPU
		{A6265858-A68C-4500-97A3-B5B2FFA9DF45}.Release|Any CPU.Build.0 = Release|Any CPU
		{6AF44611-C608-4D6E-8F36-B403158AC1A0}.Debug|Any CPU.ActiveCfg = Debug|Any CPU
		{6AF44611-C608-4D6E-8F36-B403158AC1A0}.Debug|Any CPU.Build.0 = Debug|Any CPU
		{6AF44611-C608-4D6E-8F36-B403158AC1A0}.Release|Any CPU.ActiveCfg = Release|Any CPU
		{6AF44611-C608-4D6E-8F36-B403158AC1A0}.Release|Any CPU.Build.0 = Release|Any CPU
		{A5B755F7-694D-4FA0-93C3-1F3B2655C3A1}.Debug|Any CPU.ActiveCfg = Debug|Any CPU
		{A5B755F7-694D-4FA0-93C3-1F3B2655C3A1}.Debug|Any CPU.Build.0 = Debug|Any CPU
		{A5B755F7-694D-4FA0-93C3-1F3B2655C3A1}.Release|Any CPU.ActiveCfg = Release|Any CPU
		{A5B755F7-694D-4FA0-93C3-1F3B2655C3A1}.Release|Any CPU.Build.0 = Release|Any CPU
	EndGlobalSection
	GlobalSection(SolutionProperties) = preSolution
		HideSolutionNode = FALSE
	EndGlobalSection
	GlobalSection(ExtensibilityGlobals) = postSolution
		SolutionGuid = {C2D44644-1E82-49C1-AE0A-EA1ED58D2118}
	EndGlobalSection
EndGlobal
